github.com/aclements/go-moremath v0.0.0-20190830160640-d16893ddf098 h1:a7+Y8VlXRC2VX5ue6tpCutr4PsrkRkWWVZv4zqfaHuc=
github.com/aclements/go-moremath v0.0.0-20190830160640-d16893ddf098/go.mod h1:idZL3yvz4kzx1dsBOAC+oYv6L92P1oFEhUXUB1A/lwQ=
github.com/dgryski/go-onlinestats v0.0.0-20170612111826-1c7d19468768 h1:Xzl7CSuSnGsyU+9xmSU2h8w3d7Tnis66xeoNN207tLo=
github.com/dgryski/go-onlinestats v0.0.0-20170612111826-1c7d19468768/go.mod h1:alfmlCqcg4uw9jaoIU1nOp9RFdJLMuu8P07BCEgpgoo=
github.com/golang/glog v1.2.5 h1:DrW6hGnjIhtvhOIiAKT6Psh/Kd/ldepEa81DKeiRJ5I=
github.com/golang/glog v1.2.5/go.mod h1:6AhwSGph0fcJtXVM/PEHPqZlFeoLxhs7/t5UDAwmO+w=
github.com/google/go-cmp v0.7.0 h1:wk8382ETsv4JYUZwIsn6YpYiWiBsYLSJiTsyBybVuN8=
github.com/google/go-cmp v0.7.0/go.mod h1:pXiqmnSA92OHEEa9HXL2W4E7lf9JzCmGVUdgjX3N/iU=
github.com/spf13/pflag v1.0.10 h1:4EBh2KAYBwaONj6b2Ye1GiHfwjqyROoF4RwYO+vPwFk=
github.com/spf13/pflag v1.0.10/go.mod h1:McXfInJRrz4CZXVZOBLb0bTZqETkiAhM9Iw0y3An2Bg=
k8s.io/contrib v0.0.0-20190411182844-89f6948e2457 h1:+HYfXOtiem3CAb6EA4faiA++Q6otQ1dMBkBuw/tDKyw=
k8s.io/contrib v0.0.0-20190411182844-89f6948e2457/go.mod h1:LvWVkdOW1o2tfDtZkAi8o71kBBacda6fVCL6aYrbc6U=
k8s.io/kubernetes v1.34.0 h1:NvUrwPAVB4W3mSOpJ/RtNGHWWYyUP/xPaX5rUSpzA0w=
k8s.io/kubernetes v1.34.0/go.mod h1:iu+FhII+Oc/1gGWLJcer6wpyih441aNFHl7Pvm8yPto=
