github.com/ghodss/yaml v1.0.1-0.20180820084758-c7ce16629ff4 h1:PaTU+9BARuIOAz1ixvps39DJjfq/SxOj3axzIlh7nFo=
github.com/ghodss/yaml v1.0.1-0.20180820084758-c7ce16629ff4/go.mod h1:4dBDuWmgqj2HViK6kFavaiC9ZROes6MMH2rRYeMEF04=
github.com/gogo/protobuf v1.1.2-0.20181010092945-fd322a3c4963 h1:qxvPMOEHQtKCpBDHjx3NiCnM3NfMEyeA9c72+IljOP4=
github.com/gogo/protobuf v1.1.2-0.20181010092945-fd322a3c4963/go.mod h1:r8qH/GZQm5c6nD/R0oafs1akxWv10x8SbQlK7atdtwQ=
github.com/golang/glog v0.0.0-20160126235308-23def4e6c14b h1:VKtxabqXZkF25pY9ekfRL6a582T4P37/31XEstQ5p58=
github.com/golang/glog v0.0.0-20160126235308-23def4e6c14b/go.mod h1:SBH7ygxi8pfUlaOkMMuAQtPIUF8ecWP5IEl/CR7VP2Q=
github.com/golang/protobuf v1.2.0 h1:P3YflyNX/ehuJFLhxviNdFxQPkGK5cDcApsge1SqnvM=
github.com/golang/protobuf v1.2.0/go.mod h1:6lQm79b+lXiMfvg/cZm0SGofjICqVBUtrP5yJMmIC1U=
github.com/golang/protobuf v1.2.1-0.20181005181728-ddf22928ea3c h1:y+Q/SkFDig9ysZ70Xg5lA+rFttiQ3SxdbS5L5DzMobY=
github.com/golang/protobuf v1.2.1-0.20181005181728-ddf22928ea3c/go.mod h1:Qd/q+1AKNOZr9uGQzbzCmRO6sUih6GTPZv6a1/R87v0=
github.com/google/btree v1.0.0 h1:0udJVsspx3VBr5FwtLhQQtuAsVc79tTq0ocGIPAU6qo=
github.com/google/btree v1.0.0/go.mod h1:lNA+9X1NB3Zf8V7Ke586lFgjr2dZNuvo3lPJSGZ5JPQ=
github.com/google/gofuzz v0.0.0-20170612174753-24818f796faf h1:+RRA9JqSOZFfKrOeqr2z77+8R2RKyh8PG66dcu1V0ck=
github.com/google/gofuzz v0.0.0-20170612174753-24818f796faf/go.mod h1:HP5RmnzzSNb993RKQDq4+1A4ia9nllfqcQFTQJedwGI=
github.com/googleapis/gnostic v0.2.3-0.20180520015035-48a0ecefe2e4 h1:Z09Qt6AGDtg0cC/YgnX/iymzIqmZf5aasP5JZFxmkNQ=
github.com/googleapis/gnostic v0.2.3-0.20180520015035-48a0ecefe2e4/go.mod h1:sJBsCZ4ayReDTBIg8b9dl28c5xFWyhBTVRp3pOg5EKY=
github.com/gregjones/httpcache v0.0.0-20180305231024-9cad4c3443a7 h1:pdN6V1QBWetyv/0+wjACpqVH+eVULgEjkurDLq3goeM=
github.com/gregjones/httpcache v0.0.0-20180305231024-9cad4c3443a7/go.mod h1:FecbI9+v66THATjSRHfNgh1IVFe/9kFxbXtjV0ctIMA=
github.com/imdario/mergo v0.3.6 h1:xTNEAn+kxVO7dTZGu0CegyqKZmoWFI0rF8UxjlB2d28=
github.com/imdario/mergo v0.3.6/go.mod h1:2EnlNZ0deacrJVfApfmtdGgDfMuh/nq6Ok1EcJh5FfA=
github.com/json-iterator/go v1.1.6-0.20180914014843-2433035e5132 h1:Y1mRUIuPBTUZfUBQW0V9iItFGJnksjotNXSOzTtxfIo=
github.com/json-iterator/go v1.1.6-0.20180914014843-2433035e5132/go.mod h1:+SdeFBvtyEkXs7REEP0seUULqWtbJapLOCVDaaPEHmU=
github.com/modern-go/concurrent v0.0.0-20180306012644-bacd9c7ef1dd h1:TRLaZ9cD/w8PVh93nsPXa1VrQ6jlwL5oN8l14QlcNfg=
github.com/modern-go/concurrent v0.0.0-20180306012644-bacd9c7ef1dd/go.mod h1:6dJC0mAP4ikYIbvyc7fijjWJddQyLn8Ig3JB5CqoB9Q=
github.com/modern-go/reflect2 v1.0.1 h1:9f412s+6RmYXLWZSEzVVgPGK7C2PphHj5RJrvfx9AWI=
github.com/modern-go/reflect2 v1.0.1/go.mod h1:bx2lNnkwVCuqBIxFjflWJWanXIb3RllmbCylyMrvgv0=
github.com/peterbourgon/diskv v2.0.2-0.20180312054125-0646ccaebea1+incompatible h1:FhnA4iH8T/yYW+AolPONZjGE897wxj3MAzfEbrZkSYw=
github.com/peterbourgon/diskv v2.0.2-0.20180312054125-0646ccaebea1+incompatible/go.mod h1:uqqh8zWWbv1HBMNONnaR/tNboyR3/BZd58JJSHlUSCU=
github.com/spf13/pflag v1.0.3 h1:zPAT6CGy6wXeQ7NtTnaTerfKOsV6V6F8agHXFiazDkg=
github.com/spf13/pflag v1.0.3/go.mod h1:DYY7MBk1bdzusC3SYhjObp+wFpr4gzcvqqNjLnInEg4=
golang.org/x/crypto v0.0.0-20160126184038-1f22c0103821 h1:Ufz3iUGlZbo8uCQ3IddvmNoW0T2XwdZqjVpOrdtyO0c=
golang.org/x/crypto v0.0.0-20160126184038-1f22c0103821/go.mod h1:6SG95UA2DQfeDnfUPMdvaQW0Q7yPrPDi9nlGo2tz2b4=
golang.org/x/net v0.0.0-20160715184138-e90d6d0afc4c h1:2EAV7IIzPaLTYW+2nvyaXEO2U/6Jg6iMqR7gZ0v0i34=
golang.org/x/net v0.0.0-20160715184138-e90d6d0afc4c/go.mod h1:mL1N/T3taQHkDXs73rZJwtUhF3w3ftmwwsq0BUmARs4=
golang.org/x/net v0.0.0-20180906233101-161cd47e91fd h1:nTDtHvHSdCn1m6ITfMRqtOd/9+7a3s8RBNOZ3eYZzJA=
golang.org/x/net v0.0.0-20180906233101-161cd47e91fd/go.mod h1:mL1N/T3taQHkDXs73rZJwtUhF3w3ftmwwsq0BUmARs4=
golang.org/x/oauth2 v0.0.0-20160902055913-3c3a985cb79f h1:VWt05OS3Al9w09GSPgltoHP90whAHlpik/Bys7HVEDE=
golang.org/x/oauth2 v0.0.0-20160902055913-3c3a985cb79f/go.mod h1:N/0e6XlmueqKjAGxoOufVs8QHGRruUQn6yWY3a++T0U=
golang.org/x/sync v0.0.0-20180314180146-1d60e4601c6f/go.mod h1:RxMgew5VJxzue5/jJTE5uejpjVlOe/izrB70Jof72aM=
golang.org/x/sys v0.0.0-20160916181909-8f0908ab3b24/go.mod h1:STP8DvDyc/dI5b8T5hshtkjS+E42TnysNCUPdjciGhY=
golang.org/x/text v0.0.0-20160726164857-2910a502d2bf h1:a1mkutIuyEAoG1fn3Z8Ep7h+O57k45esCFDOqht8HF8=
golang.org/x/text v0.0.0-20160726164857-2910a502d2bf/go.mod h1:NqM8EUOU14njkJ3fqMW+pc6Ldnwhi/IjpwHt7yyuwOQ=
golang.org/x/time v0.0.0-20180412165947-fbb02b2291d2 h1:+DCIGbF/swA92ohVg0//6X2IVY3KZs6p9mix0ziNYJM=
golang.org/x/time v0.0.0-20180412165947-fbb02b2291d2/go.mod h1:tRJNPiyCQ0inRvYxbN9jk5I+vvW/OXSQhTDSoE431IQ=
google.golang.org/genproto v0.0.0-20180831171423-11092d34479b/go.mod h1:JiN7NxoALGmiZfu7CAH4rXhgtRTLTxftemlI0sWmxmc=
gopkg.in/check.v1 v0.0.0-20161208181325-20d25e280405/go.mod h1:Co6ibVJAznAaIkqp8huTwlJQCZ016jof/cbN4VW5Yz0=
gopkg.in/inf.v0 v0.9.1 h1:73M5CoZyi3ZLMOyDlQh031Cx6N9NDJ2Vvfl76EDAgDc=
gopkg.in/inf.v0 v0.9.1/go.mod h1:cWUDdTG/fYaXco+Dcufb5Vnc6Gp2YChqWtbxRZE0mXw=
gopkg.in/yaml.v2 v2.2.1 h1:mUhvW9EsL+naU5Q3cakzfE91YhliOondGd6ZrsDBHQE=
gopkg.in/yaml.v2 v2.2.1/go.mod h1:hI93XBmqTisBFMUTm0b8Fm+jr3Dg1NNxqwp+5A1VGuI=
k8s.io/api v0.0.0-20181011064954-26c7a45db378 h1:lBCdUUoFs8PEMxhQoSNnVXxpKcrNrzuOw4/ofBd+0do=
k8s.io/api v0.0.0-20181011064954-26c7a45db378/go.mod h1:iuAfoD4hCxJ8Onx9kaTIt30j7jUFS00AXQi6QMi99vA=
k8s.io/apimachinery v0.0.0-20181011064652-56cf97ad69c7 h1:l1WAFAYv7ba/kpouP/gXH+l3ZqsRKbGH8F1VMDYmIbM=
k8s.io/apimachinery v0.0.0-20181011064652-56cf97ad69c7/go.mod h1:ccL7Eh7zubPUSh9A3USN90/OzHNSVN6zxzde07TDCL0=
k8s.io/client-go v0.0.0-20181011105049-9b03088ac34f h1:+izcn/RUZFQiB2q/wTE/xgLViQ5iFIZhlQParzg2ha4=
k8s.io/client-go v0.0.0-20181011105049-9b03088ac34f/go.mod h1:7vJpHMYJwNQCWgzmNV+VYUl1zCObLyodBc8nIyt8L5s=
